// !$*UTF8*$!
{
	archiveVersion = 1;
	classes = {
	};
	objectVersion = 50;
	objects = {

/* Begin PBXBuildFile section */
		372D67112333D20800DD20BA /* AppDelegate.swift in Sources */ = {isa = PBXBuildFile; fileRef = 372D67102333D20800DD20BA /* AppDelegate.swift */; };
		372D67132333D20800DD20BA /* ViewController.swift in Sources */ = {isa = PBXBuildFile; fileRef = 372D67122333D20800DD20BA /* ViewController.swift */; };
		372D67162333D20800DD20BA /* Main.storyboard in Resources */ = {isa = PBXBuildFile; fileRef = 372D67142333D20800DD20BA /* Main.storyboard */; };
		372D67182333D20E00DD20BA /* Assets.xcassets in Resources */ = {isa = PBXBuildFile; fileRef = 372D67172333D20E00DD20BA /* Assets.xcassets */; };
		372D671B2333D20E00DD20BA /* LaunchScreen.storyboard in Resources */ = {isa = PBXBuildFile; fileRef = 372D67192333D20E00DD20BA /* LaunchScreen.storyboard */; };
		372D67262333D20F00DD20BA /* TestTests.swift in Sources */ = {isa = PBXBuildFile; fileRef = 372D67252333D20F00DD20BA /* TestTests.swift */; };
		3746106F236DF21F00E50E69 /* ic_check_box_outline_blank.png in Resources */ = {isa = PBXBuildFile; fileRef = 3746106E236DF21F00E50E69 /* ic_check_box_outline_blank.png */; };
		37461071236DF23D00E50E69 /* ic_check_box.png in Resources */ = {isa = PBXBuildFile; fileRef = 37461070236DF23D00E50E69 /* ic_check_box.png */; };
		37708759235E62C100F1CE90 /* CheckBox.swift in Sources */ = {isa = PBXBuildFile; fileRef = 37708758235E62C100F1CE90 /* CheckBox.swift */; };
/* End PBXBuildFile section */

/* Begin PBXContainerItemProxy section */
		372D67222333D20F00DD20BA /* PBXContainerItemProxy */ = {
			isa = PBXContainerItemProxy;
			containerPortal = 372D67052333D20800DD20BA /* Project object */;
			proxyType = 1;
			remoteGlobalIDString = 372D670C2333D20800DD20BA;
			remoteInfo = Test;
		};
/* End PBXContainerItemProxy section */

/* Begin PBXFileReference section */
		372D670D2333D20800DD20BA /* Test.app */ = {isa = PBXFileReference; explicitFileType = wrapper.application; includeInIndex = 0; path = Test.app; sourceTree = BUILT_PRODUCTS_DIR; };
		372D67102333D20800DD20BA /* AppDelegate.swift */ = {isa = PBXFileReference; lastKnownFileType = sourcecode.swift; path = AppDelegate.swift; sourceTree = "<group>"; };
		372D67122333D20800DD20BA /* ViewController.swift */ = {isa = PBXFileReference; lastKnownFileType = sourcecode.swift; path = ViewController.swift; sourceTree = "<group>"; };
		372D67152333D20800DD20BA /* Base */ = {isa = PBXFileReference; lastKnownFileType = file.storyboard; name = Base; path = Base.lproj/Main.storyboard; sourceTree = "<group>"; };
		372D67172333D20E00DD20BA /* Assets.xcassets */ = {isa = PBXFileReference; lastKnownFileType = folder.assetcatalog; path = Assets.xcassets; sourceTree = "<group>"; };
		372D671A2333D20E00DD20BA /* Base */ = {isa = PBXFileReference; lastKnownFileType = file.storyboard; name = Base; path = Base.lproj/LaunchScreen.storyboard; sourceTree = "<group>"; };
		372D671C2333D20F00DD20BA /* Info.plist */ = {isa = PBXFileReference; lastKnownFileType = text.plist.xml; path = Info.plist; sourceTree = "<group>"; };
		372D67212333D20F00DD20BA /* TestTests.xctest */ = {isa = PBXFileReference; explicitFileType = wrapper.cfbundle; includeInIndex = 0; path = TestTests.xctest; sourceTree = BUILT_PRODUCTS_DIR; };
		372D67252333D20F00DD20BA /* TestTests.swift */ = {isa = PBXFileReference; lastKnownFileType = sourcecode.swift; path = TestTests.swift; sourceTree = "<group>"; };
		372D67272333D20F00DD20BA /* Info.plist */ = {isa = PBXFileReference; lastKnownFileType = text.plist.xml; path = Info.plist; sourceTree = "<group>"; };
		3746106E236DF21F00E50E69 /* ic_check_box_outline_blank.png */ = {isa = PBXFileReference; lastKnownFileType = image.png; name = ic_check_box_outline_blank.png; path = ../../../Downloads/ic_check_box_outline_blank.png; sourceTree = "<group>"; };
		37461070236DF23D00E50E69 /* ic_check_box.png */ = {isa = PBXFileReference; lastKnownFileType = image.png; name = ic_check_box.png; path = ../../../Downloads/ic_check_box.png; sourceTree = "<group>"; };
		37708758235E62C100F1CE90 /* CheckBox.swift */ = {isa = PBXFileReference; lastKnownFileType = sourcecode.swift; path = CheckBox.swift; sourceTree = "<group>"; };
/* End PBXFileReference section */

/* Begin PBXFrameworksBuildPhase section */
		372D670A2333D20800DD20BA /* Frameworks */ = {
			isa = PBXFrameworksBuildPhase;
			buildActionMask = 2147483647;
			files = (
			);
			runOnlyForDeploymentPostprocessing = 0;
		};
		372D671E2333D20F00DD20BA /* Frameworks */ = {
			isa = PBXFrameworksBuildPhase;
			buildActionMask = 2147483647;
			files = (
			);
			runOnlyForDeploymentPostprocessing = 0;
		};
/* End PBXFrameworksBuildPhase section */

/* Begin PBXGroup section */
		372D67042333D20800DD20BA = {
			isa = PBXGroup;
			children = (
				372D670F2333D20800DD20BA /* Test */,
				372D67242333D20F00DD20BA /* TestTests */,
				372D670E2333D20800DD20BA /* Products */,
			);
			sourceTree = "<group>";
		};
		372D670E2333D20800DD20BA /* Products */ = {
			isa = PBXGroup;
			children = (
				372D670D2333D20800DD20BA /* Test.app */,
				372D67212333D20F00DD20BA /* TestTests.xctest */,
			);
			name = Products;
			sourceTree = "<group>";
		};
		372D670F2333D20800DD20BA /* Test */ = {
			isa = PBXGroup;
			children = (
				37461070236DF23D00E50E69 /* ic_check_box.png */,
				3746106E236DF21F00E50E69 /* ic_check_box_outline_blank.png */,
				372D67102333D20800DD20BA /* AppDelegate.swift */,
				372D67122333D20800DD20BA /* ViewController.swift */,
				37708758235E62C100F1CE90 /* CheckBox.swift */,
				372D67142333D20800DD20BA /* Main.storyboard */,
				372D67172333D20E00DD20BA /* Assets.xcassets */,
				372D67192333D20E00DD20BA /* LaunchScreen.storyboard */,
				372D671C2333D20F00DD20BA /* Info.plist */,
			);
			path = Test;
			sourceTree = "<group>";
		};
		372D67242333D20F00DD20BA /* TestTests */ = {
			isa = PBXGroup;
			children = (
				372D67252333D20F00DD20BA /* TestTests.swift */,
				372D67272333D20F00DD20BA /* Info.plist */,
			);
			path = TestTests;
			sourceTree = "<group>";
		};
/* End PBXGroup section */

/* Begin PBXNativeTarget section */
		372D670C2333D20800DD20BA /* Test */ = {
			isa = PBXNativeTarget;
			buildConfigurationList = 372D672A2333D20F00DD20BA /* Build configuration list for PBXNativeTarget "Test" */;
			buildPhases = (
				372D67092333D20800DD20BA /* Sources */,
				372D670A2333D20800DD20BA /* Frameworks */,
				372D670B2333D20800DD20BA /* Resources */,
			);
			buildRules = (
			);
			dependencies = (
			);
			name = Test;
			productName = Test;
			productReference = 372D670D2333D20800DD20BA /* Test.app */;
			productType = "com.apple.product-type.application";
		};
		372D67202333D20F00DD20BA /* TestTests */ = {
			isa = PBXNativeTarget;
			buildConfigurationList = 372D672D2333D20F00DD20BA /* Build configuration list for PBXNativeTarget "TestTests" */;
			buildPhases = (
				372D671D2333D20F00DD20BA /* Sources */,
				372D671E2333D20F00DD20BA /* Frameworks */,
				372D671F2333D20F00DD20BA /* Resources */,
			);
			buildRules = (
			);
			dependencies = (
				372D67232333D20F00DD20BA /* PBXTargetDependency */,
			);
			name = TestTests;
			productName = TestTests;
			productReference = 372D67212333D20F00DD20BA /* TestTests.xctest */;
			productType = "com.apple.product-type.bundle.unit-test";
		};
/* End PBXNativeTarget section */

/* Begin PBXProject section */
		372D67052333D20800DD20BA /* Project object */ = {
			isa = PBXProject;
			attributes = {
				LastSwiftUpdateCheck = 1030;
				LastUpgradeCheck = 1030;
				ORGANIZATIONNAME = "Shah, Hiral N";
				TargetAttributes = {
					372D670C2333D20800DD20BA = {
						CreatedOnToolsVersion = 10.3;
					};
					372D67202333D20F00DD20BA = {
						CreatedOnToolsVersion = 10.3;
						TestTargetID = 372D670C2333D20800DD20BA;
					};
				};
			};
			buildConfigurationList = 372D67082333D20800DD20BA /* Build configuration list for PBXProject "Test" */;
			compatibilityVersion = "Xcode 9.3";
			developmentRegion = en;
			hasScannedForEncodings = 0;
			knownRegions = (
				en,
				Base,
			);
			mainGroup = 372D67042333D20800DD20BA;
			productRefGroup = 372D670E2333D20800DD20BA /* Products */;
			projectDirPath = "";
			projectRoot = "";
			targets = (
				372D670C2333D20800DD20BA /* Test */,
				372D67202333D20F00DD20BA /* TestTests */,
			);
		};
/* End PBXProject section */

/* Begin PBXResourcesBuildPhase section */
		372D670B2333D20800DD20BA /* Resources */ = {
			isa = PBXResourcesBuildPhase;
			buildActionMask = 2147483647;
			files = (
				3746106F236DF21F00E50E69 /* ic_check_box_outline_blank.png in Resources */,
				37461071236DF23D00E50E69 /* ic_check_box.png in Resources */,
				372D671B2333D20E00DD20BA /* LaunchScreen.storyboard in Resources */,
				372D67182333D20E00DD20BA /* Assets.xcassets in Resources */,
				372D67162333D20800DD20BA /* Main.storyboard in Resources */,
			);
			runOnlyForDeploymentPostprocessing = 0;
		};
		372D671F2333D20F00DD20BA /* Resources */ = {
			isa = PBXResourcesBuildPhase;
			buildActionMask = 2147483647;
			files = (
			);
			runOnlyForDeploymentPostprocessing = 0;
		};
/* End PBXResourcesBuildPhase section */

/* Begin PBXSourcesBuildPhase section */
		372D67092333D20800DD20BA /* Sources */ = {
			isa = PBXSourcesBuildPhase;
			buildActionMask = 2147483647;
			files = (
				372D67132333D20800DD20BA /* ViewController.swift in Sources */,
				372D67112333D20800DD20BA /* AppDelegate.swift in Sources */,
				37708759235E62C100F1CE90 /* CheckBox.swift in Sources */,
			);
			runOnlyForDeploymentPostprocessing = 0;
		};
		372D671D2333D20F00DD20BA /* Sources */ = {
			isa = PBXSourcesBuildPhase;
			buildActionMask = 2147483647;
			files = (
				372D67262333D20F00DD20BA /* TestTests.swift in Sources */,
			);
			runOnlyForDeploymentPostprocessing = 0;
		};
/* End PBXSourcesBuildPhase section */

/* Begin PBXTargetDependency section */
		372D67232333D20F00DD20BA /* PBXTargetDependency */ = {
			isa = PBXTargetDependency;
			target = 372D670C2333D20800DD20BA /* Test */;
			targetProxy = 372D67222333D20F00DD20BA /* PBXContainerItemProxy */;
		};
/* End PBXTargetDependency section */

/* Begin PBXVariantGroup section */
		372D67142333D20800DD20BA /* Main.storyboard */ = {
			isa = PBXVariantGroup;
			children = (
				372D67152333D20800DD20BA /* Base */,
			);
			name = Main.storyboard;
			sourceTree = "<group>";
		};
		372D67192333D20E00DD20BA /* LaunchScreen.storyboard */ = {
			isa = PBXVariantGroup;
			children = (
				372D671A2333D20E00DD20BA /* Base */,
			);
			name = LaunchScreen.storyboard;
			sourceTree = "<group>";
		};
/* End PBXVariantGroup section */

/* Begin XCBuildConfiguration section */
		372D67282333D20F00DD20BA /* Debug */ = {
			isa = XCBuildConfiguration;
			buildSettings = {
				ALWAYS_SEARCH_USER_PATHS = NO;
				CLANG_ANALYZER_NONNULL = YES;
				CLANG_ANALYZER_NUMBER_OBJECT_CONVERSION = YES_AGGRESSIVE;
				CLANG_CXX_LANGUAGE_STANDARD = "gnu++14";
				CLANG_CXX_LIBRARY = "libc++";
				CLANG_ENABLE_MODULES = YES;
				CLANG_ENABLE_OBJC_ARC = YES;
				CLANG_ENABLE_OBJC_WEAK = YES;
				CLANG_WARN_BLOCK_CAPTURE_AUTORELEASING = YES;
				CLANG_WARN_BOOL_CONVERSION = YES;
				CLANG_WARN_COMMA = YES;
				CLANG_WARN_CONSTANT_CONVERSION = YES;
				CLANG_WARN_DEPRECATED_OBJC_IMPLEMENTATIONS = YES;
				CLANG_WARN_DIRECT_OBJC_ISA_USAGE = YES_ERROR;
				CLANG_WARN_DOCUMENTATION_COMMENTS = YES;
				CLANG_WARN_EMPTY_BODY = YES;
				CLANG_WARN_ENUM_CONVERSION = YES;
				CLANG_WARN_INFINITE_RECURSION = YES;
				CLANG_WARN_INT_CONVERSION = YES;
				CLANG_WARN_NON_LITERAL_NULL_CONVERSION = YES;
				CLANG_WARN_OBJC_IMPLICIT_RETAIN_SELF = YES;
				CLANG_WARN_OBJC_LITERAL_CONVERSION = YES;
				CLANG_WARN_OBJC_ROOT_CLASS = YES_ERROR;
				CLANG_WARN_RANGE_LOOP_ANALYSIS = YES;
				CLANG_WARN_STRICT_PROTOTYPES = YES;
				CLANG_WARN_SUSPICIOUS_MOVE = YES;
				CLANG_WARN_UNGUARDED_AVAILABILITY = YES_AGGRESSIVE;
				CLANG_WARN_UNREACHABLE_CODE = YES;
				CLANG_WARN__DUPLICATE_METHOD_MATCH = YES;
				CODE_SIGN_IDENTITY = "iPhone Developer";
				COPY_PHASE_STRIP = NO;
				DEBUG_INFORMATION_FORMAT = dwarf;
				ENABLE_STRICT_OBJC_MSGSEND = YES;
				ENABLE_TESTABILITY = YES;
				GCC_C_LANGUAGE_STANDARD = gnu11;
				GCC_DYNAMIC_NO_PIC = NO;
				GCC_NO_COMMON_BLOCKS = YES;
				GCC_OPTIMIZATION_LEVEL = 0;
				GCC_PREPROCESSOR_DEFINITIONS = (
					"DEBUG=1",
					"$(inherited)",
				);
				GCC_WARN_64_TO_32_BIT_CONVERSION = YES;
				GCC_WARN_ABOUT_RETURN_TYPE = YES_ERROR;
				GCC_WARN_UNDECLARED_SELECTOR = YES;
				GCC_WARN_UNINITIALIZED_AUTOS = YES_AGGRESSIVE;
				GCC_WARN_UNUSED_FUNCTION = YES;
				GCC_WARN_UNUSED_VARIABLE = YES;
				IPHONEOS_DEPLOYMENT_TARGET = 12.4;
				MTL_ENABLE_DEBUG_INFO = INCLUDE_SOURCE;
				MTL_FAST_MATH = YES;
				ONLY_ACTIVE_ARCH = YES;
				SDKROOT = iphoneos;
				SWIFT_ACTIVE_COMPILATION_CONDITIONS = DEBUG;
				SWIFT_OPTIMIZATION_LEVEL = "-Onone";
			};
			name = Debug;
		};
		372D67292333D20F00DD20BA /* Release */ = {
			isa = XCBuildConfiguration;
			buildSettings = {
				ALWAYS_SEARCH_USER_PATHS = NO;
				CLANG_ANALYZER_NONNULL = YES;
				CLANG_ANALYZER_NUMBER_OBJECT_CONVERSION = YES_AGGRESSIVE;
				CLANG_CXX_LANGUAGE_STANDARD = "gnu++14";
				CLANG_CXX_LIBRARY = "libc++";
				CLANG_ENABLE_MODULES = YES;
				CLANG_ENABLE_OBJC_ARC = YES;
				CLANG_ENABLE_OBJC_WEAK = YES;
				CLANG_WARN_BLOCK_CAPTURE_AUTORELEASING = YES;
				CLANG_WARN_BOOL_CONVERSION = YES;
				CLANG_WARN_COMMA = YES;
				CLANG_WARN_CONSTANT_CONVERSION = YES;
				CLANG_WARN_DEPRECATED_OBJC_IMPLEMENTATIONS = YES;
				CLANG_WARN_DIRECT_OBJC_ISA_USAGE = YES_ERROR;
				CLANG_WARN_DOCUMENTATION_COMMENTS = YES;
				CLANG_WARN_EMPTY_BODY = YES;
				CLANG_WARN_ENUM_CONVERSION = YES;
				CLANG_WARN_INFINITE_RECURSION = YES;
				CLANG_WARN_INT_CONVERSION = YES;
				CLANG_WARN_NON_LITERAL_NULL_CONVERSION = YES;
				CLANG_WARN_OBJC_IMPLICIT_RETAIN_SELF = YES;
				CLANG_WARN_OBJC_LITERAL_CONVERSION = YES;
				CLANG_WARN_OBJC_ROOT_CLASS = YES_ERROR;
				CLANG_WARN_RANGE_LOOP_ANALYSIS = YES;
				CLANG_WARN_STRICT_PROTOTYPES = YES;
				CLANG_WARN_SUSPICIOUS_MOVE = YES;
				CLANG_WARN_UNGUARDED_AVAILABILITY = YES_AGGRESSIVE;
				CLANG_WARN_UNREACHABLE_CODE = YES;
				CLANG_WARN__DUPLICATE_METHOD_MATCH = YES;
				CODE_SIGN_IDENTITY = "iPhone Developer";
				COPY_PHASE_STRIP = NO;
				DEBUG_INFORMATION_FORMAT = "dwarf-with-dsym";
				ENABLE_NS_ASSERTIONS = NO;
				ENABLE_STRICT_OBJC_MSGSEND = YES;
				GCC_C_LANGUAGE_STANDARD = gnu11;
				GCC_NO_COMMON_BLOCKS = YES;
				GCC_WARN_64_TO_32_BIT_CONVERSION = YES;
				GCC_WARN_ABOUT_RETURN_TYPE = YES_ERROR;
				GCC_WARN_UNDECLARED_SELECTOR = YES;
				GCC_WARN_UNINITIALIZED_AUTOS = YES_AGGRESSIVE;
				GCC_WARN_UNUSED_FUNCTION = YES;
				GCC_WARN_UNUSED_VARIABLE = YES;
				IPHONEOS_DEPLOYMENT_TARGET = 12.4;
				MTL_ENABLE_DEBUG_INFO = NO;
				MTL_FAST_MATH = YES;
				SDKROOT = iphoneos;
				SWIFT_COMPILATION_MODE = wholemodule;
				SWIFT_OPTIMIZATION_LEVEL = "-O";
				VALIDATE_PRODUCT = YES;
			};
			name = Release;
		};
		372D672B2333D20F00DD20BA /* Debug */ = {
			isa = XCBuildConfiguration;
			buildSettings = {
				ASSETCATALOG_COMPILER_APPICON_NAME = AppIcon;
				CODE_SIGN_STYLE = Automatic;
				INFOPLIST_FILE = Test/Info.plist;
				LD_RUNPATH_SEARCH_PATHS = (
					"$(inherited)",
					"@executable_path/Frameworks",
				);
				PRODUCT_BUNDLE_IDENTIFIER = Apple.inc.Test;
				PRODUCT_NAME = "$(TARGET_NAME)";
				SWIFT_VERSION = 5.0;
				TARGETED_DEVICE_FAMILY = "1,2";
			};
			name = Debug;
		};
		372D672C2333D20F00DD20BA /* Release */ = {
			isa = XCBuildConfiguration;
			buildSettings = {
				ASSETCATALOG_COMPILER_APPICON_NAME = AppIcon;
				CODE_SIGN_STYLE = Automatic;
				INFOPLIST_FILE = Test/Info.plist;
				LD_RUNPATH_SEARCH_PATHS = (
					"$(inherited)",
					"@executable_path/Frameworks",
				);
				PRODUCT_BUNDLE_IDENTIFIER = Apple.inc.Test;
				PRODUCT_NAME = "$(TARGET_NAME)";
				SWIFT_VERSION = 5.0;
				TARGETED_DEVICE_FAMILY = "1,2";
			};
			name = Release;
		};
		372D672E2333D20F00DD20BA /* Debug */ = {
			isa = XCBuildConfiguration;
			buildSettings = {
				ALWAYS_EMBED_SWIFT_STANDARD_LIBRARIES = YES;
				BUNDLE_LOADER = "$(TEST_HOST)";
				CODE_SIGN_STYLE = Automatic;
				INFOPLIST_FILE = TestTests/Info.plist;
				LD_RUNPATH_SEARCH_PATHS = (
					"$(inherited)",
					"@executable_path/Frameworks",
					"@loader_path/Frameworks",
				);
				PRODUCT_BUNDLE_IDENTIFIER = Apple.inc.TestTests;
				PRODUCT_NAME = "$(TARGET_NAME)";
				SWIFT_VERSION = 5.0;
				TARGETED_DEVICE_FAMILY = "1,2";
				TEST_HOST = "$(BUILT_PRODUCTS_DIR)/Test.app/Test";
			};
			name = Debug;
		};
		372D672F2333D20F00DD20BA /* Release */ = {
			isa = XCBuildConfiguration;
			buildSettings = {
				ALWAYS_EMBED_SWIFT_STANDARD_LIBRARIES = YES;
				BUNDLE_LOADER = "$(TEST_HOST)";
				CODE_SIGN_STYLE = Automatic;
				INFOPLIST_FILE = TestTests/Info.plist;
				LD_RUNPATH_SEARCH_PATHS = (
					"$(inherited)",
					"@executable_path/Frameworks",
					"@loader_path/Frameworks",
				);
				PRODUCT_BUNDLE_IDENTIFIER = Apple.inc.TestTests;
				PRODUCT_NAME = "$(TARGET_NAME)";
				SWIFT_VERSION = 5.0;
				TARGETED_DEVICE_FAMILY = "1,2";
				TEST_HOST = "$(BUILT_PRODUCTS_DIR)/Test.app/Test";
			};
			name = Release;
		};
/* End XCBuildConfiguration section */

/* Begin XCConfigurationList section */
		372D67082333D20800DD20BA /* Build configuration list for PBXProject "Test" */ = {
			isa = XCConfigurationList;
			buildConfigurations = (
				372D67282333D20F00DD20BA /* Debug */,
				372D67292333D20F00DD20BA /* Release */,
			);
			defaultConfigurationIsVisible = 0;
			defaultConfigurationName = Release;
		};
		372D672A2333D20F00DD20BA /* Build configuration list for PBXNativeTarget "Test" */ = {
			isa = XCConfigurationList;
			buildConfigurations = (
				372D672B2333D20F00DD20BA /* Debug */,
				372D672C2333D20F00DD20BA /* Release */,
			);
			defaultConfigurationIsVisible = 0;
			defaultConfigurationName = Release;
		};
		372D672D2333D20F00DD20BA /* Build configuration list for PBXNativeTarget "TestTests" */ = {
			isa = XCConfigurationList;
			buildConfigurations = (
				372D672E2333D20F00DD20BA /* Debug */,
				372D672F2333D20F00DD20BA /* Release */,
			);
			defaultConfigurationIsVisible = 0;
			defaultConfigurationName = Release;
		};
/* End XCConfigurationList section */
	};
	rootObject = 372D67052333D20800DD20BA /* Project object */;
}
