// !$*UTF8*$!
{
	archiveVersion = 1;
	classes = {
	};
	objectVersion = 50;
	objects = {

/* Begin PBXBuildFile section */
		9839821A232F079200734D87 /* MainViewController.swift in Sources */ = {isa = PBXBuildFile; fileRef = 98398219232F079200734D87 /* MainViewController.swift */; };
		9839821D232F079200734D87 /* Main.storyboard in Resources */ = {isa = PBXBuildFile; fileRef = 9839821B232F079200734D87 /* Main.storyboard */; };
		98398220232F079200734D87 /* Swift_Test.xcdatamodeld in Sources */ = {isa = PBXBuildFile; fileRef = 9839821E232F079200734D87 /* Swift_Test.xcdatamodeld */; };
		98398222232F079400734D87 /* Assets.xcassets in Resources */ = {isa = PBXBuildFile; fileRef = 98398221232F079400734D87 /* Assets.xcassets */; };
		98495745232F200B003F6E6B /* AboutUsViewController.swift in Sources */ = {isa = PBXBuildFile; fileRef = 98495744232F200B003F6E6B /* AboutUsViewController.swift */; };
		984F82D32345845E00481495 /* CancellationTest.swift in Sources */ = {isa = PBXBuildFile; fileRef = 984F82D22345845E00481495 /* CancellationTest.swift */; };
		984F82DD2345AA4900481495 /* AlphabetTest.json in Resources */ = {isa = PBXBuildFile; fileRef = 984F82DC2345AA4900481495 /* AlphabetTest.json */; };
		987314E32373C6C1004D5C7A /* TestNameFromJSON.swift in Sources */ = {isa = PBXBuildFile; fileRef = 987314E22373C6C1004D5C7A /* TestNameFromJSON.swift */; };
		989FF83F23722EDD00D77518 /* BlurLoader.swift in Sources */ = {isa = PBXBuildFile; fileRef = 989FF83E23722EDD00D77518 /* BlurLoader.swift */; };
		989FF84223722F6300D77518 /* AppDelegate.swift in Sources */ = {isa = PBXBuildFile; fileRef = 989FF84123722F6300D77518 /* AppDelegate.swift */; };
		98D1B566236FCB980069CDD0 /* SymbolTest.json in Resources */ = {isa = PBXBuildFile; fileRef = 98D1B565236FCB970069CDD0 /* SymbolTest.json */; };
		98D1B568236FD02E0069CDD0 /* res in Resources */ = {isa = PBXBuildFile; fileRef = 98D1B567236FD02E0069CDD0 /* res */; };
		98D87EF0237107150014F1CB /* TestSpecificSettingsViewController.swift in Sources */ = {isa = PBXBuildFile; fileRef = 98D87EEF237107150014F1CB /* TestSpecificSettingsViewController.swift */; };
		98D87EFD237117D80014F1CB /* shaders.metal in Sources */ = {isa = PBXBuildFile; fileRef = 98D87EF9237117C70014F1CB /* shaders.metal */; };
		98D87EFE237117DA0014F1CB /* maths.swift in Sources */ = {isa = PBXBuildFile; fileRef = 98D87EFA237117C70014F1CB /* maths.swift */; };
		98D87EFF237117DB0014F1CB /* Renderer.swift in Sources */ = {isa = PBXBuildFile; fileRef = 98D87EFC237117C70014F1CB /* Renderer.swift */; };
		98D87F02237118100014F1CB /* brain-simple-mesh.obj in Resources */ = {isa = PBXBuildFile; fileRef = 98D87F002371180F0014F1CB /* brain-simple-mesh.obj */; };
		98D87F03237118100014F1CB /* brain-simple-mesh.mtl in Resources */ = {isa = PBXBuildFile; fileRef = 98D87F01237118100014F1CB /* brain-simple-mesh.mtl */; };
		98DD3B242374B104008AB7E6 /* DoctorList.swift in Sources */ = {isa = PBXBuildFile; fileRef = 98DD3B232374B104008AB7E6 /* DoctorList.swift */; };
		98E6A2652361329800EC54DF /* QuestionViewController.swift in Sources */ = {isa = PBXBuildFile; fileRef = 98E6A2642361329800EC54DF /* QuestionViewController.swift */; };
		98E6A267236142DB00EC54DF /* SettingsViewController.swift in Sources */ = {isa = PBXBuildFile; fileRef = 98E6A266236142DB00EC54DF /* SettingsViewController.swift */; };
		98E6A26923614C8A00EC54DF /* Question.swift in Sources */ = {isa = PBXBuildFile; fileRef = 98E6A26823614C8A00EC54DF /* Question.swift */; };
		98EFEC3923594D480000BDD9 /* TestViewController.swift in Sources */ = {isa = PBXBuildFile; fileRef = 98EFEC3823594D480000BDD9 /* TestViewController.swift */; };
		E902197F23DF5E430070678D /* CancellationView.swift in Sources */ = {isa = PBXBuildFile; fileRef = E902197E23DF5E430070678D /* CancellationView.swift */; };
		E902198123DF5E910070678D /* JOLOView.swift in Sources */ = {isa = PBXBuildFile; fileRef = E902198023DF5E910070678D /* JOLOView.swift */; };
		E902198323DF5FD30070678D /* JOLOTest.swift in Sources */ = {isa = PBXBuildFile; fileRef = E902198223DF5FD30070678D /* JOLOTest.swift */; };
		E96B205323F9D3B400B6B8F0 /* seniorproject in Resources */ = {isa = PBXBuildFile; fileRef = E96B205223F9D3B400B6B8F0 /* seniorproject */; };
		E96B205523F9D41800B6B8F0 /* ResultsViewController.swift in Sources */ = {isa = PBXBuildFile; fileRef = E96B205423F9D41800B6B8F0 /* ResultsViewController.swift */; };
		E9C6937023E10AD600F4FBC4 /* GfxHacks.swift in Sources */ = {isa = PBXBuildFile; fileRef = E9C6936F23E10AD600F4FBC4 /* GfxHacks.swift */; };
/* End PBXBuildFile section */

/* Begin PBXFileReference section */
		98398214232F079200734D87 /* Cancellation Test.app */ = {isa = PBXFileReference; explicitFileType = wrapper.application; includeInIndex = 0; path = "Cancellation Test.app"; sourceTree = BUILT_PRODUCTS_DIR; };
		98398219232F079200734D87 /* MainViewController.swift */ = {isa = PBXFileReference; lastKnownFileType = sourcecode.swift; name = MainViewController.swift; path = Swift_Test/MainViewController.swift; sourceTree = SOURCE_ROOT; };
		9839821C232F079200734D87 /* Base */ = {isa = PBXFileReference; lastKnownFileType = file.storyboard; name = Base; path = Base.lproj/Main.storyboard; sourceTree = "<group>"; };
		9839821F232F079200734D87 /* Swift_Test.xcdatamodel */ = {isa = PBXFileReference; lastKnownFileType = wrapper.xcdatamodel; path = Swift_Test.xcdatamodel; sourceTree = "<group>"; };
		98398221232F079400734D87 /* Assets.xcassets */ = {isa = PBXFileReference; lastKnownFileType = folder.assetcatalog; name = Assets.xcassets; path = Swift_Test/Assets.xcassets; sourceTree = SOURCE_ROOT; };
		98398226232F079400734D87 /* Info.plist */ = {isa = PBXFileReference; lastKnownFileType = text.plist.xml; name = Info.plist; path = Swift_Test/Info.plist; sourceTree = SOURCE_ROOT; };
		98495744232F200B003F6E6B /* AboutUsViewController.swift */ = {isa = PBXFileReference; lastKnownFileType = sourcecode.swift; name = AboutUsViewController.swift; path = Swift_Test/AboutUsViewController.swift; sourceTree = SOURCE_ROOT; };
		984F82D22345845E00481495 /* CancellationTest.swift */ = {isa = PBXFileReference; lastKnownFileType = sourcecode.swift; name = CancellationTest.swift; path = Swift_Test/CancellationTest.swift; sourceTree = SOURCE_ROOT; };
		984F82DC2345AA4900481495 /* AlphabetTest.json */ = {isa = PBXFileReference; lastKnownFileType = text.json; name = AlphabetTest.json; path = Swift_Test/AlphabetTest.json; sourceTree = SOURCE_ROOT; };
		987314E22373C6C1004D5C7A /* TestNameFromJSON.swift */ = {isa = PBXFileReference; lastKnownFileType = sourcecode.swift; path = TestNameFromJSON.swift; sourceTree = "<group>"; };
		989FF83E23722EDD00D77518 /* BlurLoader.swift */ = {isa = PBXFileReference; lastKnownFileType = sourcecode.swift; path = BlurLoader.swift; sourceTree = "<group>"; };
		989FF84123722F6300D77518 /* AppDelegate.swift */ = {isa = PBXFileReference; lastKnownFileType = sourcecode.swift; path = AppDelegate.swift; sourceTree = "<group>"; };
		98D1B565236FCB970069CDD0 /* SymbolTest.json */ = {isa = PBXFileReference; fileEncoding = 4; lastKnownFileType = text.json; path = SymbolTest.json; sourceTree = "<group>"; };
		98D1B567236FD02E0069CDD0 /* res */ = {isa = PBXFileReference; lastKnownFileType = folder; name = res; path = Swift_Test/res; sourceTree = SOURCE_ROOT; };
		98D87EEF237107150014F1CB /* TestSpecificSettingsViewController.swift */ = {isa = PBXFileReference; lastKnownFileType = sourcecode.swift; path = TestSpecificSettingsViewController.swift; sourceTree = "<group>"; };
		98D87EF9237117C70014F1CB /* shaders.metal */ = {isa = PBXFileReference; lastKnownFileType = sourcecode.metal; path = shaders.metal; sourceTree = "<group>"; };
		98D87EFA237117C70014F1CB /* maths.swift */ = {isa = PBXFileReference; lastKnownFileType = sourcecode.swift; path = maths.swift; sourceTree = "<group>"; };
		98D87EFC237117C70014F1CB /* Renderer.swift */ = {isa = PBXFileReference; lastKnownFileType = sourcecode.swift; path = Renderer.swift; sourceTree = "<group>"; };
		98D87F002371180F0014F1CB /* brain-simple-mesh.obj */ = {isa = PBXFileReference; fileEncoding = 4; lastKnownFileType = text; path = "brain-simple-mesh.obj"; sourceTree = "<group>"; };
		98D87F01237118100014F1CB /* brain-simple-mesh.mtl */ = {isa = PBXFileReference; fileEncoding = 4; lastKnownFileType = text; path = "brain-simple-mesh.mtl"; sourceTree = "<group>"; };
		98DD3B232374B104008AB7E6 /* DoctorList.swift */ = {isa = PBXFileReference; lastKnownFileType = sourcecode.swift; path = DoctorList.swift; sourceTree = "<group>"; };
		98E6A2642361329800EC54DF /* QuestionViewController.swift */ = {isa = PBXFileReference; lastKnownFileType = sourcecode.swift; path = QuestionViewController.swift; sourceTree = "<group>"; };
		98E6A266236142DB00EC54DF /* SettingsViewController.swift */ = {isa = PBXFileReference; lastKnownFileType = sourcecode.swift; path = SettingsViewController.swift; sourceTree = "<group>"; };
		98E6A26823614C8A00EC54DF /* Question.swift */ = {isa = PBXFileReference; lastKnownFileType = sourcecode.swift; path = Question.swift; sourceTree = "<group>"; };
		98EFEC3823594D480000BDD9 /* TestViewController.swift */ = {isa = PBXFileReference; fileEncoding = 4; lastKnownFileType = sourcecode.swift; path = TestViewController.swift; sourceTree = "<group>"; };
		E902197E23DF5E430070678D /* CancellationView.swift */ = {isa = PBXFileReference; lastKnownFileType = sourcecode.swift; path = CancellationView.swift; sourceTree = "<group>"; };
		E902198023DF5E910070678D /* JOLOView.swift */ = {isa = PBXFileReference; lastKnownFileType = sourcecode.swift; path = JOLOView.swift; sourceTree = "<group>"; };
		E902198223DF5FD30070678D /* JOLOTest.swift */ = {isa = PBXFileReference; lastKnownFileType = sourcecode.swift; path = JOLOTest.swift; sourceTree = "<group>"; };
		E96B205223F9D3B400B6B8F0 /* seniorproject */ = {isa = PBXFileReference; lastKnownFileType = folder; name = seniorproject; sourceTree = "<group>"; };
		E96B205423F9D41800B6B8F0 /* ResultsViewController.swift */ = {isa = PBXFileReference; lastKnownFileType = sourcecode.swift; path = ResultsViewController.swift; sourceTree = "<group>"; };
		E9C6936F23E10AD600F4FBC4 /* GfxHacks.swift */ = {isa = PBXFileReference; lastKnownFileType = sourcecode.swift; path = GfxHacks.swift; sourceTree = "<group>"; };
/* End PBXFileReference section */

/* Begin PBXFrameworksBuildPhase section */
		98398211232F079200734D87 /* Frameworks */ = {
			isa = PBXFrameworksBuildPhase;
			buildActionMask = 2147483647;
			files = (
			);
			runOnlyForDeploymentPostprocessing = 0;
		};
/* End PBXFrameworksBuildPhase section */

/* Begin PBXGroup section */
		9839820B232F079200734D87 = {
			isa = PBXGroup;
			children = (
				E96B205223F9D3B400B6B8F0 /* seniorproject */,
				98398216232F079200734D87 /* Swift_Test */,
				98398215232F079200734D87 /* Products */,
			);
			sourceTree = "<group>";
		};
		98398215232F079200734D87 /* Products */ = {
			isa = PBXGroup;
			children = (
				98398214232F079200734D87 /* Cancellation Test.app */,
			);
			name = Products;
			sourceTree = "<group>";
		};
		98398216232F079200734D87 /* Swift_Test */ = {
			isa = PBXGroup;
			children = (
				989FF84523722FB400D77518 /* JSON Files */,
				989FF84423722F9800D77518 /* Utilities */,
				989FF84323722F7B00D77518 /* Data Structures */,
				989FF84023722EE900D77518 /* View Controllers */,
				989FF83D23722E5800D77518 /* 3D Rendering */,
				98D1B567236FD02E0069CDD0 /* res */,
				989FF84123722F6300D77518 /* AppDelegate.swift */,
				9839821B232F079200734D87 /* Main.storyboard */,
				98398221232F079400734D87 /* Assets.xcassets */,
				98398226232F079400734D87 /* Info.plist */,
				9839821E232F079200734D87 /* Swift_Test.xcdatamodeld */,
			);
			path = Swift_Test;
			sourceTree = SOURCE_ROOT;
		};
		989FF83D23722E5800D77518 /* 3D Rendering */ = {
			isa = PBXGroup;
			children = (
				98D87EF9237117C70014F1CB /* shaders.metal */,
				98D87EFC237117C70014F1CB /* Renderer.swift */,
				98D87F002371180F0014F1CB /* brain-simple-mesh.obj */,
				98D87F01237118100014F1CB /* brain-simple-mesh.mtl */,
			);
			name = "3D Rendering";
			sourceTree = "<group>";
		};
		989FF84023722EE900D77518 /* View Controllers */ = {
			isa = PBXGroup;
			children = (
				98398219232F079200734D87 /* MainViewController.swift */,
				98E6A2642361329800EC54DF /* QuestionViewController.swift */,
				98D87EEF237107150014F1CB /* TestSpecificSettingsViewController.swift */,
				98E6A266236142DB00EC54DF /* SettingsViewController.swift */,
				98495744232F200B003F6E6B /* AboutUsViewController.swift */,
				98EFEC3823594D480000BDD9 /* TestViewController.swift */,
				E902198023DF5E910070678D /* JOLOView.swift */,
				E902197E23DF5E430070678D /* CancellationView.swift */,
				E96B205423F9D41800B6B8F0 /* ResultsViewController.swift */,
			);
			name = "View Controllers";
			sourceTree = "<group>";
		};
		989FF84323722F7B00D77518 /* Data Structures */ = {
			isa = PBXGroup;
			children = (
				984F82D22345845E00481495 /* CancellationTest.swift */,
				98E6A26823614C8A00EC54DF /* Question.swift */,
				E902198223DF5FD30070678D /* JOLOTest.swift */,
				987314E22373C6C1004D5C7A /* TestNameFromJSON.swift */,
				98DD3B232374B104008AB7E6 /* DoctorList.swift */,
			);
			name = "Data Structures";
			sourceTree = "<group>";
		};
		989FF84423722F9800D77518 /* Utilities */ = {
			isa = PBXGroup;
			children = (
				98D87EFA237117C70014F1CB /* maths.swift */,
				989FF83E23722EDD00D77518 /* BlurLoader.swift */,
				E9C6936F23E10AD600F4FBC4 /* GfxHacks.swift */,
			);
			name = Utilities;
			sourceTree = "<group>";
		};
		989FF84523722FB400D77518 /* JSON Files */ = {
			isa = PBXGroup;
			children = (
				98D1B565236FCB970069CDD0 /* SymbolTest.json */,
				984F82DC2345AA4900481495 /* AlphabetTest.json */,
			);
			name = "JSON Files";
			sourceTree = "<group>";
		};
/* End PBXGroup section */

/* Begin PBXNativeTarget section */
		98398213232F079200734D87 /* Swift_Test */ = {
			isa = PBXNativeTarget;
			buildConfigurationList = 98398229232F079400734D87 /* Build configuration list for PBXNativeTarget "Swift_Test" */;
			buildPhases = (
				98398210232F079200734D87 /* Sources */,
				98398211232F079200734D87 /* Frameworks */,
				98398212232F079200734D87 /* Resources */,
			);
			buildRules = (
			);
			dependencies = (
			);
			name = Swift_Test;
			productName = Swift_Test;
			productReference = 98398214232F079200734D87 /* Cancellation Test.app */;
			productType = "com.apple.product-type.application";
		};
/* End PBXNativeTarget section */

/* Begin PBXProject section */
		9839820C232F079200734D87 /* Project object */ = {
			isa = PBXProject;
			attributes = {
				LastSwiftUpdateCheck = 1030;
				LastUpgradeCheck = 1030;
				ORGANIZATIONNAME = "Rosty H";
				TargetAttributes = {
					98398213232F079200734D87 = {
						CreatedOnToolsVersion = 10.3;
					};
				};
			};
			buildConfigurationList = 9839820F232F079200734D87 /* Build configuration list for PBXProject "Swift_Test" */;
			compatibilityVersion = "Xcode 9.3";
			developmentRegion = en;
			hasScannedForEncodings = 0;
			knownRegions = (
				en,
				Base,
			);
			mainGroup = 9839820B232F079200734D87;
			productRefGroup = 98398215232F079200734D87 /* Products */;
			projectDirPath = "";
			projectRoot = "";
			targets = (
				98398213232F079200734D87 /* Swift_Test */,
			);
		};
/* End PBXProject section */

/* Begin PBXResourcesBuildPhase section */
		98398212232F079200734D87 /* Resources */ = {
			isa = PBXResourcesBuildPhase;
			buildActionMask = 2147483647;
			files = (
				98398222232F079400734D87 /* Assets.xcassets in Resources */,
				98D87F03237118100014F1CB /* brain-simple-mesh.mtl in Resources */,
				98D1B566236FCB980069CDD0 /* SymbolTest.json in Resources */,
				98D1B568236FD02E0069CDD0 /* res in Resources */,
				E96B205323F9D3B400B6B8F0 /* seniorproject in Resources */,
				98D87F02237118100014F1CB /* brain-simple-mesh.obj in Resources */,
				9839821D232F079200734D87 /* Main.storyboard in Resources */,
				984F82DD2345AA4900481495 /* AlphabetTest.json in Resources */,
			);
			runOnlyForDeploymentPostprocessing = 0;
		};
/* End PBXResourcesBuildPhase section */

/* Begin PBXSourcesBuildPhase section */
		98398210232F079200734D87 /* Sources */ = {
			isa = PBXSourcesBuildPhase;
			buildActionMask = 2147483647;
			files = (
				E9C6937023E10AD600F4FBC4 /* GfxHacks.swift in Sources */,
				E902198323DF5FD30070678D /* JOLOTest.swift in Sources */,
				E902198123DF5E910070678D /* JOLOView.swift in Sources */,
				98495745232F200B003F6E6B /* AboutUsViewController.swift in Sources */,
				9839821A232F079200734D87 /* MainViewController.swift in Sources */,
				98DD3B242374B104008AB7E6 /* DoctorList.swift in Sources */,
				E902197F23DF5E430070678D /* CancellationView.swift in Sources */,
				98D87EFF237117DB0014F1CB /* Renderer.swift in Sources */,
				98E6A2652361329800EC54DF /* QuestionViewController.swift in Sources */,
				989FF84223722F6300D77518 /* AppDelegate.swift in Sources */,
				98E6A26923614C8A00EC54DF /* Question.swift in Sources */,
				98D87EF0237107150014F1CB /* TestSpecificSettingsViewController.swift in Sources */,
				989FF83F23722EDD00D77518 /* BlurLoader.swift in Sources */,
				98398220232F079200734D87 /* Swift_Test.xcdatamodeld in Sources */,
				98EFEC3923594D480000BDD9 /* TestViewController.swift in Sources */,
				987314E32373C6C1004D5C7A /* TestNameFromJSON.swift in Sources */,
				98D87EFD237117D80014F1CB /* shaders.metal in Sources */,
				E96B205523F9D41800B6B8F0 /* ResultsViewController.swift in Sources */,
				98D87EFE237117DA0014F1CB /* maths.swift in Sources */,
				984F82D32345845E00481495 /* CancellationTest.swift in Sources */,
				98E6A267236142DB00EC54DF /* SettingsViewController.swift in Sources */,
			);
			runOnlyForDeploymentPostprocessing = 0;
		};
/* End PBXSourcesBuildPhase section */

/* Begin PBXVariantGroup section */
		9839821B232F079200734D87 /* Main.storyboard */ = {
			isa = PBXVariantGroup;
			children = (
				9839821C232F079200734D87 /* Base */,
			);
			name = Main.storyboard;
			path = Swift_Test;
			sourceTree = SOURCE_ROOT;
		};
/* End PBXVariantGroup section */

/* Begin XCBuildConfiguration section */
		98398227232F079400734D87 /* Debug */ = {
			isa = XCBuildConfiguration;
			buildSettings = {
				ALWAYS_SEARCH_USER_PATHS = NO;
				CLANG_ANALYZER_NONNULL = YES;
				CLANG_ANALYZER_NUMBER_OBJECT_CONVERSION = YES_AGGRESSIVE;
				CLANG_CXX_LANGUAGE_STANDARD = "gnu++14";
				CLANG_CXX_LIBRARY = "libc++";
				CLANG_ENABLE_MODULES = YES;
				CLANG_ENABLE_OBJC_ARC = YES;
				CLANG_ENABLE_OBJC_WEAK = YES;
				CLANG_WARN_BLOCK_CAPTURE_AUTORELEASING = YES;
				CLANG_WARN_BOOL_CONVERSION = YES;
				CLANG_WARN_COMMA = YES;
				CLANG_WARN_CONSTANT_CONVERSION = YES;
				CLANG_WARN_DEPRECATED_OBJC_IMPLEMENTATIONS = YES;
				CLANG_WARN_DIRECT_OBJC_ISA_USAGE = YES_ERROR;
				CLANG_WARN_DOCUMENTATION_COMMENTS = YES;
				CLANG_WARN_EMPTY_BODY = YES;
				CLANG_WARN_ENUM_CONVERSION = YES;
				CLANG_WARN_INFINITE_RECURSION = YES;
				CLANG_WARN_INT_CONVERSION = YES;
				CLANG_WARN_NON_LITERAL_NULL_CONVERSION = YES;
				CLANG_WARN_OBJC_IMPLICIT_RETAIN_SELF = YES;
				CLANG_WARN_OBJC_LITERAL_CONVERSION = YES;
				CLANG_WARN_OBJC_ROOT_CLASS = YES_ERROR;
				CLANG_WARN_RANGE_LOOP_ANALYSIS = YES;
				CLANG_WARN_STRICT_PROTOTYPES = YES;
				CLANG_WARN_SUSPICIOUS_MOVE = YES;
				CLANG_WARN_UNGUARDED_AVAILABILITY = YES_AGGRESSIVE;
				CLANG_WARN_UNREACHABLE_CODE = YES;
				CLANG_WARN__DUPLICATE_METHOD_MATCH = YES;
				CODE_SIGN_IDENTITY = "iPhone Developer";
				COPY_PHASE_STRIP = NO;
				DEBUG_INFORMATION_FORMAT = dwarf;
				ENABLE_STRICT_OBJC_MSGSEND = YES;
				ENABLE_TESTABILITY = YES;
				GCC_C_LANGUAGE_STANDARD = gnu11;
				GCC_DYNAMIC_NO_PIC = NO;
				GCC_NO_COMMON_BLOCKS = YES;
				GCC_OPTIMIZATION_LEVEL = 0;
				GCC_PREPROCESSOR_DEFINITIONS = (
					"DEBUG=1",
					"$(inherited)",
				);
				GCC_WARN_64_TO_32_BIT_CONVERSION = YES;
				GCC_WARN_ABOUT_RETURN_TYPE = YES_ERROR;
				GCC_WARN_UNDECLARED_SELECTOR = YES;
				GCC_WARN_UNINITIALIZED_AUTOS = YES_AGGRESSIVE;
				GCC_WARN_UNUSED_FUNCTION = YES;
				GCC_WARN_UNUSED_VARIABLE = YES;
				IPHONEOS_DEPLOYMENT_TARGET = 12.4;
				MTL_ENABLE_DEBUG_INFO = INCLUDE_SOURCE;
				MTL_FAST_MATH = YES;
				ONLY_ACTIVE_ARCH = YES;
				SDKROOT = iphoneos;
				SWIFT_ACTIVE_COMPILATION_CONDITIONS = DEBUG;
				SWIFT_OPTIMIZATION_LEVEL = "-Onone";
			};
			name = Debug;
		};
		98398228232F079400734D87 /* Release */ = {
			isa = XCBuildConfiguration;
			buildSettings = {
				ALWAYS_SEARCH_USER_PATHS = NO;
				CLANG_ANALYZER_NONNULL = YES;
				CLANG_ANALYZER_NUMBER_OBJECT_CONVERSION = YES_AGGRESSIVE;
				CLANG_CXX_LANGUAGE_STANDARD = "gnu++14";
				CLANG_CXX_LIBRARY = "libc++";
				CLANG_ENABLE_MODULES = YES;
				CLANG_ENABLE_OBJC_ARC = YES;
				CLANG_ENABLE_OBJC_WEAK = YES;
				CLANG_WARN_BLOCK_CAPTURE_AUTORELEASING = YES;
				CLANG_WARN_BOOL_CONVERSION = YES;
				CLANG_WARN_COMMA = YES;
				CLANG_WARN_CONSTANT_CONVERSION = YES;
				CLANG_WARN_DEPRECATED_OBJC_IMPLEMENTATIONS = YES;
				CLANG_WARN_DIRECT_OBJC_ISA_USAGE = YES_ERROR;
				CLANG_WARN_DOCUMENTATION_COMMENTS = YES;
				CLANG_WARN_EMPTY_BODY = YES;
				CLANG_WARN_ENUM_CONVERSION = YES;
				CLANG_WARN_INFINITE_RECURSION = YES;
				CLANG_WARN_INT_CONVERSION = YES;
				CLANG_WARN_NON_LITERAL_NULL_CONVERSION = YES;
				CLANG_WARN_OBJC_IMPLICIT_RETAIN_SELF = YES;
				CLANG_WARN_OBJC_LITERAL_CONVERSION = YES;
				CLANG_WARN_OBJC_ROOT_CLASS = YES_ERROR;
				CLANG_WARN_RANGE_LOOP_ANALYSIS = YES;
				CLANG_WARN_STRICT_PROTOTYPES = YES;
				CLANG_WARN_SUSPICIOUS_MOVE = YES;
				CLANG_WARN_UNGUARDED_AVAILABILITY = YES_AGGRESSIVE;
				CLANG_WARN_UNREACHABLE_CODE = YES;
				CLANG_WARN__DUPLICATE_METHOD_MATCH = YES;
				CODE_SIGN_IDENTITY = "iPhone Developer";
				COPY_PHASE_STRIP = NO;
				DEBUG_INFORMATION_FORMAT = "dwarf-with-dsym";
				ENABLE_NS_ASSERTIONS = NO;
				ENABLE_STRICT_OBJC_MSGSEND = YES;
				GCC_C_LANGUAGE_STANDARD = gnu11;
				GCC_NO_COMMON_BLOCKS = YES;
				GCC_WARN_64_TO_32_BIT_CONVERSION = YES;
				GCC_WARN_ABOUT_RETURN_TYPE = YES_ERROR;
				GCC_WARN_UNDECLARED_SELECTOR = YES;
				GCC_WARN_UNINITIALIZED_AUTOS = YES_AGGRESSIVE;
				GCC_WARN_UNUSED_FUNCTION = YES;
				GCC_WARN_UNUSED_VARIABLE = YES;
				IPHONEOS_DEPLOYMENT_TARGET = 12.4;
				MTL_ENABLE_DEBUG_INFO = NO;
				MTL_FAST_MATH = YES;
				SDKROOT = iphoneos;
				SWIFT_COMPILATION_MODE = wholemodule;
				SWIFT_OPTIMIZATION_LEVEL = "-O";
				VALIDATE_PRODUCT = YES;
			};
			name = Release;
		};
		9839822A232F079400734D87 /* Debug */ = {
			isa = XCBuildConfiguration;
			buildSettings = {
				ASSETCATALOG_COMPILER_APPICON_NAME = AppIcon;
				CODE_SIGN_STYLE = Automatic;
				DEVELOPMENT_TEAM = SS5YTKHG36;
				INFOPLIST_FILE = Swift_Test/Info.plist;
				LD_RUNPATH_SEARCH_PATHS = (
					"$(inherited)",
					"@executable_path/Frameworks",
				);
				PRODUCT_BUNDLE_IDENTIFIER = "Rowan-University.Swift-Test2";
				PRODUCT_NAME = "Cancellation Test";
				SWIFT_VERSION = 5.0;
				TARGETED_DEVICE_FAMILY = 2;
			};
			name = Debug;
		};
		9839822B232F079400734D87 /* Release */ = {
			isa = XCBuildConfiguration;
			buildSettings = {
				ASSETCATALOG_COMPILER_APPICON_NAME = AppIcon;
				CODE_SIGN_STYLE = Automatic;
				DEVELOPMENT_TEAM = SS5YTKHG36;
				INFOPLIST_FILE = Swift_Test/Info.plist;
				LD_RUNPATH_SEARCH_PATHS = (
					"$(inherited)",
					"@executable_path/Frameworks",
				);
				PRODUCT_BUNDLE_IDENTIFIER = "Rowan-University.Swift-Test2";
				PRODUCT_NAME = "Cancellation Test";
				SWIFT_VERSION = 5.0;
				TARGETED_DEVICE_FAMILY = 2;
			};
			name = Release;
		};
/* End XCBuildConfiguration section */

/* Begin XCConfigurationList section */
		9839820F232F079200734D87 /* Build configuration list for PBXProject "Swift_Test" */ = {
			isa = XCConfigurationList;
			buildConfigurations = (
				98398227232F079400734D87 /* Debug */,
				98398228232F079400734D87 /* Release */,
			);
			defaultConfigurationIsVisible = 0;
			defaultConfigurationName = Release;
		};
		98398229232F079400734D87 /* Build configuration list for PBXNativeTarget "Swift_Test" */ = {
			isa = XCConfigurationList;
			buildConfigurations = (
				9839822A232F079400734D87 /* Debug */,
				9839822B232F079400734D87 /* Release */,
			);
			defaultConfigurationIsVisible = 0;
			defaultConfigurationName = Release;
		};
/* End XCConfigurationList section */

/* Begin XCVersionGroup section */
		9839821E232F079200734D87 /* Swift_Test.xcdatamodeld */ = {
			isa = XCVersionGroup;
			children = (
				9839821F232F079200734D87 /* Swift_Test.xcdatamodel */,
			);
			currentVersion = 9839821F232F079200734D87 /* Swift_Test.xcdatamodel */;
			path = Swift_Test.xcdatamodeld;
			sourceTree = "<group>";
			versionGroupType = wrapper.xcdatamodel;
		};
/* End XCVersionGroup section */
	};
	rootObject = 9839820C232F079200734D87 /* Project object */;
}
